
Microsoft Visual Studio Solution File, Format Version 12.00
# Visual Studio Version 17
VisualStudioVersion = 17.8.34525.116
MinimumVisualStudioVersion = 10.0.40219.1
Project("{9A19103F-16F7-4668-BE54-9A1E7A4F7556}") = "PizzeriaAPI", "PizzeriaAPI.csproj", "{E33DCDD7-F2F6-4CD3-9CED-82E3ED755C01}"
EndProject
Project("{9A19103F-16F7-4668-BE54-9A1E7A4F7556}") = "Pizzeria.Domain", "..\Pizzeria.Domain\Pizzeria.Domain.csproj", "{26A7C8FE-8995-405E-A7D7-B34F71EA5807}"
EndProject
Global
	GlobalSection(SolutionConfigurationPlatforms) = preSolution
		Debug|Any CPU = Debug|Any CPU
		Release|Any CPU = Release|Any CPU
	EndGlobalSection
	GlobalSection(ProjectConfigurationPlatforms) = postSolution
		{E33DCDD7-F2F6-4CD3-9CED-82E3ED755C01}.Debug|Any CPU.ActiveCfg = Debug|Any CPU
		{E33DCDD7-F2F6-4CD3-9CED-82E3ED755C01}.Debug|Any CPU.Build.0 = Debug|Any CPU
		{E33DCDD7-F2F6-4CD3-9CED-82E3ED755C01}.Release|Any CPU.ActiveCfg = Release|Any CPU
		{E33DCDD7-F2F6-4CD3-9CED-82E3ED755C01}.Release|Any CPU.Build.0 = Release|Any CPU
		{26A7C8FE-8995-405E-A7D7-B34F71EA5807}.Debug|Any CPU.ActiveCfg = Debug|Any CPU
		{26A7C8FE-8995-405E-A7D7-B34F71EA5807}.Debug|Any CPU.Build.0 = Debug|Any CPU
		{26A7C8FE-8995-405E-A7D7-B34F71EA5807}.Release|Any CPU.ActiveCfg = Release|Any CPU
		{26A7C8FE-8995-405E-A7D7-B34F71EA5807}.Release|Any CPU.Build.0 = Release|Any CPU
	EndGlobalSection
	GlobalSection(SolutionProperties) = preSolution
		HideSolutionNode = FALSE
	EndGlobalSection
	GlobalSection(ExtensibilityGlobals) = postSolution
		SolutionGuid = {4854379D-2EFC-46C0-B17B-0F1F8FDF645E}
	EndGlobalSection
EndGlobal
